
Microsoft Visual Studio Solution File, Format Version 12.00
# Visual Studio Version 16
VisualStudioVersion = 16.0.31613.86
MinimumVisualStudioVersion = 10.0.40219.1
Project("{9A19103F-16F7-4668-BE54-9A1E7A4F7556}") = "Api", "WebApiEonix\Api.csproj", "{F642B8A3-1E7D-48FD-A70C-F880CA526FB2}"
EndProject
Project("{FAE04EC0-301F-11D3-BF4B-00C04F79EFBC}") = "Core", "Core\Core.csproj", "{93325CA1-BF95-4A45-A296-D5BAACBBD60B}"
EndProject
Project("{FAE04EC0-301F-11D3-BF4B-00C04F79EFBC}") = "Configuration", "Configuration\Configuration.csproj", "{235CC0A9-4AE6-427F-A501-A4F8D1D88EE4}"
EndProject
Global
	GlobalSection(SolutionConfigurationPlatforms) = preSolution
		Debug|Any CPU = Debug|Any CPU
		Release|Any CPU = Release|Any CPU
	EndGlobalSection
	GlobalSection(ProjectConfigurationPlatforms) = postSolution
		{F642B8A3-1E7D-48FD-A70C-F880CA526FB2}.Debug|Any CPU.ActiveCfg = Debug|Any CPU
		{F642B8A3-1E7D-48FD-A70C-F880CA526FB2}.Debug|Any CPU.Build.0 = Debug|Any CPU
		{F642B8A3-1E7D-48FD-A70C-F880CA526FB2}.Release|Any CPU.ActiveCfg = Release|Any CPU
		{F642B8A3-1E7D-48FD-A70C-F880CA526FB2}.Release|Any CPU.Build.0 = Release|Any CPU
		{93325CA1-BF95-4A45-A296-D5BAACBBD60B}.Debug|Any CPU.ActiveCfg = Debug|Any CPU
		{93325CA1-BF95-4A45-A296-D5BAACBBD60B}.Debug|Any CPU.Build.0 = Debug|Any CPU
		{93325CA1-BF95-4A45-A296-D5BAACBBD60B}.Release|Any CPU.ActiveCfg = Release|Any CPU
		{93325CA1-BF95-4A45-A296-D5BAACBBD60B}.Release|Any CPU.Build.0 = Release|Any CPU
		{235CC0A9-4AE6-427F-A501-A4F8D1D88EE4}.Debug|Any CPU.ActiveCfg = Debug|Any CPU
		{235CC0A9-4AE6-427F-A501-A4F8D1D88EE4}.Debug|Any CPU.Build.0 = Debug|Any CPU
		{235CC0A9-4AE6-427F-A501-A4F8D1D88EE4}.Release|Any CPU.ActiveCfg = Release|Any CPU
		{235CC0A9-4AE6-427F-A501-A4F8D1D88EE4}.Release|Any CPU.Build.0 = Release|Any CPU
	EndGlobalSection
	GlobalSection(SolutionProperties) = preSolution
		HideSolutionNode = FALSE
	EndGlobalSection
	GlobalSection(ExtensibilityGlobals) = postSolution
		SolutionGuid = {0AEEBB2F-3E8F-4126-ACC0-216C3355CDFF}
	EndGlobalSection
EndGlobal
